github.com/harwoeck/adapt/core v0.1.0 h1:fzup/fQT+a8xLaO77xfMPb2FcDBEANb0/1hPwmD5SpU=
github.com/harwoeck/adapt/core v0.1.0/go.mod h1:3UlACBlQCLbPYhXo+1QLvs1V10oGgIjS2P3euuld3qU=
github.com/harwoeck/liblog/contract v1.1.2 h1:b7rO0ibwK+A8L5vc2dHu+ythVehB8e3MtdSksNUZAHc=
github.com/harwoeck/liblog/contract v1.1.2/go.mod h1:qhpwPpWZcS+aP1iOumZsu75SX0wq4yAQZTn6XjwiL/0=
